
Microsoft Visual Studio Solution File, Format Version 12.00
# Visual Studio 14
VisualStudioVersion = 14.0.25123.0
MinimumVisualStudioVersion = 10.0.40219.1
Project("{FAE04EC0-301F-11D3-BF4B-00C04F79EFBC}") = "SomeApplicationMVC", "SomeApplicationMVC\SomeApplicationMVC.csproj", "{D0FB9B8B-6AFB-4FFC-A282-D70C51FCC213}"
EndProject
Project("{FAE04EC0-301F-11D3-BF4B-00C04F79EFBC}") = "WebApplication1", "WebApplication1\WebApplication1.csproj", "{38EA6CBF-0889-4B58-A2B2-5E6F5D9EB12A}"
EndProject
Project("{FAE04EC0-301F-11D3-BF4B-00C04F79EFBC}") = "ConsoleApplication1", "ConsoleApplication1\ConsoleApplication1.csproj", "{0DC0315B-8A29-4873-9E1D-BB3CB113BA89}"
EndProject
Project("{FAE04EC0-301F-11D3-BF4B-00C04F79EFBC}") = "UnitTestProject1", "UnitTestProject1\UnitTestProject1.csproj", "{EAB6E38C-91B7-4B71-9A6B-5E2D2C6D807B}"
EndProject
Project("{FAE04EC0-301F-11D3-BF4B-00C04F79EFBC}") = "ConsoleApplication2", "ConsoleApplication2\ConsoleApplication2.csproj", "{36529CA3-8BC9-4156-894F-D7CE62ECFA84}"
EndProject
Project("{FAE04EC0-301F-11D3-BF4B-00C04F79EFBC}") = "WindowsFormsApplication1", "WindowsFormsApplication1\WindowsFormsApplication1.csproj", "{4C4BD7E9-DF75-424D-86A1-2A886C8CCB32}"
EndProject
Project("{8BC9CEB8-8B4A-11D0-8D11-00A0C91BC942}") = "ConsoleApplication3", "ConsoleApplication3\ConsoleApplication3.vcxproj", "{831AD23E-6CA3-4029-BBE3-92DACA145E55}"
EndProject
Project("{8BC9CEB8-8B4A-11D0-8D11-00A0C91BC942}") = "ConsoleApplication4", "ConsoleApplication4\ConsoleApplication4.vcxproj", "{07A886B2-5C8F-498C-9E0F-6E3FB035C13D}"
EndProject
Global
	GlobalSection(SolutionConfigurationPlatforms) = preSolution
		Debug|Any CPU = Debug|Any CPU
		Debug|x64 = Debug|x64
		Debug|x86 = Debug|x86
		Release|Any CPU = Release|Any CPU
		Release|x64 = Release|x64
		Release|x86 = Release|x86
	EndGlobalSection
	GlobalSection(ProjectConfigurationPlatforms) = postSolution
		{D0FB9B8B-6AFB-4FFC-A282-D70C51FCC213}.Debug|Any CPU.ActiveCfg = Debug|Any CPU
		{D0FB9B8B-6AFB-4FFC-A282-D70C51FCC213}.Debug|Any CPU.Build.0 = Debug|Any CPU
		{D0FB9B8B-6AFB-4FFC-A282-D70C51FCC213}.Debug|x64.ActiveCfg = Debug|Any CPU
		{D0FB9B8B-6AFB-4FFC-A282-D70C51FCC213}.Debug|x86.ActiveCfg = Debug|Any CPU
		{D0FB9B8B-6AFB-4FFC-A282-D70C51FCC213}.Release|Any CPU.ActiveCfg = Release|Any CPU
		{D0FB9B8B-6AFB-4FFC-A282-D70C51FCC213}.Release|Any CPU.Build.0 = Release|Any CPU
		{D0FB9B8B-6AFB-4FFC-A282-D70C51FCC213}.Release|x64.ActiveCfg = Release|Any CPU
		{D0FB9B8B-6AFB-4FFC-A282-D70C51FCC213}.Release|x86.ActiveCfg = Release|Any CPU
		{38EA6CBF-0889-4B58-A2B2-5E6F5D9EB12A}.Debug|Any CPU.ActiveCfg = Debug|Any CPU
		{38EA6CBF-0889-4B58-A2B2-5E6F5D9EB12A}.Debug|Any CPU.Build.0 = Debug|Any CPU
		{38EA6CBF-0889-4B58-A2B2-5E6F5D9EB12A}.Debug|x64.ActiveCfg = Debug|Any CPU
		{38EA6CBF-0889-4B58-A2B2-5E6F5D9EB12A}.Debug|x86.ActiveCfg = Debug|Any CPU
		{38EA6CBF-0889-4B58-A2B2-5E6F5D9EB12A}.Release|Any CPU.ActiveCfg = Release|Any CPU
		{38EA6CBF-0889-4B58-A2B2-5E6F5D9EB12A}.Release|Any CPU.Build.0 = Release|Any CPU
		{38EA6CBF-0889-4B58-A2B2-5E6F5D9EB12A}.Release|x64.ActiveCfg = Release|Any CPU
		{38EA6CBF-0889-4B58-A2B2-5E6F5D9EB12A}.Release|x86.ActiveCfg = Release|Any CPU
		{0DC0315B-8A29-4873-9E1D-BB3CB113BA89}.Debug|Any CPU.ActiveCfg = Debug|Any CPU
		{0DC0315B-8A29-4873-9E1D-BB3CB113BA89}.Debug|Any CPU.Build.0 = Debug|Any CPU
		{0DC0315B-8A29-4873-9E1D-BB3CB113BA89}.Debug|x64.ActiveCfg = Debug|Any CPU
		{0DC0315B-8A29-4873-9E1D-BB3CB113BA89}.Debug|x86.ActiveCfg = Debug|Any CPU
		{0DC0315B-8A29-4873-9E1D-BB3CB113BA89}.Release|Any CPU.ActiveCfg = Release|Any CPU
		{0DC0315B-8A29-4873-9E1D-BB3CB113BA89}.Release|Any CPU.Build.0 = Release|Any CPU
		{0DC0315B-8A29-4873-9E1D-BB3CB113BA89}.Release|x64.ActiveCfg = Release|Any CPU
		{0DC0315B-8A29-4873-9E1D-BB3CB113BA89}.Release|x86.ActiveCfg = Release|Any CPU
		{EAB6E38C-91B7-4B71-9A6B-5E2D2C6D807B}.Debug|Any CPU.ActiveCfg = Debug|Any CPU
		{EAB6E38C-91B7-4B71-9A6B-5E2D2C6D807B}.Debug|Any CPU.Build.0 = Debug|Any CPU
		{EAB6E38C-91B7-4B71-9A6B-5E2D2C6D807B}.Debug|x64.ActiveCfg = Debug|Any CPU
		{EAB6E38C-91B7-4B71-9A6B-5E2D2C6D807B}.Debug|x86.ActiveCfg = Debug|Any CPU
		{EAB6E38C-91B7-4B71-9A6B-5E2D2C6D807B}.Release|Any CPU.ActiveCfg = Release|Any CPU
		{EAB6E38C-91B7-4B71-9A6B-5E2D2C6D807B}.Release|Any CPU.Build.0 = Release|Any CPU
		{EAB6E38C-91B7-4B71-9A6B-5E2D2C6D807B}.Release|x64.ActiveCfg = Release|Any CPU
		{EAB6E38C-91B7-4B71-9A6B-5E2D2C6D807B}.Release|x86.ActiveCfg = Release|Any CPU
		{36529CA3-8BC9-4156-894F-D7CE62ECFA84}.Debug|Any CPU.ActiveCfg = Debug|Any CPU
		{36529CA3-8BC9-4156-894F-D7CE62ECFA84}.Debug|Any CPU.Build.0 = Debug|Any CPU
		{36529CA3-8BC9-4156-894F-D7CE62ECFA84}.Debug|x64.ActiveCfg = Debug|Any CPU
		{36529CA3-8BC9-4156-894F-D7CE62ECFA84}.Debug|x86.ActiveCfg = Debug|Any CPU
		{36529CA3-8BC9-4156-894F-D7CE62ECFA84}.Release|Any CPU.ActiveCfg = Release|Any CPU
		{36529CA3-8BC9-4156-894F-D7CE62ECFA84}.Release|Any CPU.Build.0 = Release|Any CPU
		{36529CA3-8BC9-4156-894F-D7CE62ECFA84}.Release|x64.ActiveCfg = Release|Any CPU
		{36529CA3-8BC9-4156-894F-D7CE62ECFA84}.Release|x86.ActiveCfg = Release|Any CPU
		{4C4BD7E9-DF75-424D-86A1-2A886C8CCB32}.Debug|Any CPU.ActiveCfg = Debug|Any CPU
		{4C4BD7E9-DF75-424D-86A1-2A886C8CCB32}.Debug|Any CPU.Build.0 = Debug|Any CPU
		{4C4BD7E9-DF75-424D-86A1-2A886C8CCB32}.Debug|x64.ActiveCfg = Debug|Any CPU
		{4C4BD7E9-DF75-424D-86A1-2A886C8CCB32}.Debug|x86.ActiveCfg = Debug|Any CPU
		{4C4BD7E9-DF75-424D-86A1-2A886C8CCB32}.Release|Any CPU.ActiveCfg = Release|Any CPU
		{4C4BD7E9-DF75-424D-86A1-2A886C8CCB32}.Release|Any CPU.Build.0 = Release|Any CPU
		{4C4BD7E9-DF75-424D-86A1-2A886C8CCB32}.Release|x64.ActiveCfg = Release|Any CPU
		{4C4BD7E9-DF75-424D-86A1-2A886C8CCB32}.Release|x86.ActiveCfg = Release|Any CPU
		{831AD23E-6CA3-4029-BBE3-92DACA145E55}.Debug|Any CPU.ActiveCfg = Debug|Win32
		{831AD23E-6CA3-4029-BBE3-92DACA145E55}.Debug|x64.ActiveCfg = Debug|x64
		{831AD23E-6CA3-4029-BBE3-92DACA145E55}.Debug|x64.Build.0 = Debug|x64
		{831AD23E-6CA3-4029-BBE3-92DACA145E55}.Debug|x86.ActiveCfg = Debug|Win32
		{831AD23E-6CA3-4029-BBE3-92DACA145E55}.Debug|x86.Build.0 = Debug|Win32
		{831AD23E-6CA3-4029-BBE3-92DACA145E55}.Release|Any CPU.ActiveCfg = Release|Win32
		{831AD23E-6CA3-4029-BBE3-92DACA145E55}.Release|x64.ActiveCfg = Release|x64
		{831AD23E-6CA3-4029-BBE3-92DACA145E55}.Release|x64.Build.0 = Release|x64
		{831AD23E-6CA3-4029-BBE3-92DACA145E55}.Release|x86.ActiveCfg = Release|Win32
		{831AD23E-6CA3-4029-BBE3-92DACA145E55}.Release|x86.Build.0 = Release|Win32
		{07A886B2-5C8F-498C-9E0F-6E3FB035C13D}.Debug|Any CPU.ActiveCfg = Debug|Win32
		{07A886B2-5C8F-498C-9E0F-6E3FB035C13D}.Debug|x64.ActiveCfg = Debug|x64
		{07A886B2-5C8F-498C-9E0F-6E3FB035C13D}.Debug|x64.Build.0 = Debug|x64
		{07A886B2-5C8F-498C-9E0F-6E3FB035C13D}.Debug|x86.ActiveCfg = Debug|Win32
		{07A886B2-5C8F-498C-9E0F-6E3FB035C13D}.Debug|x86.Build.0 = Debug|Win32
		{07A886B2-5C8F-498C-9E0F-6E3FB035C13D}.Release|Any CPU.ActiveCfg = Release|Win32
		{07A886B2-5C8F-498C-9E0F-6E3FB035C13D}.Release|x64.ActiveCfg = Release|x64
		{07A886B2-5C8F-498C-9E0F-6E3FB035C13D}.Release|x64.Build.0 = Release|x64
		{07A886B2-5C8F-498C-9E0F-6E3FB035C13D}.Release|x86.ActiveCfg = Release|Win32
		{07A886B2-5C8F-498C-9E0F-6E3FB035C13D}.Release|x86.Build.0 = Release|Win32
	EndGlobalSection
	GlobalSection(SolutionProperties) = preSolution
		HideSolutionNode = FALSE
	EndGlobalSection
EndGlobal
