
Microsoft Visual Studio Solution File, Format Version 12.00
# Visual Studio 15
VisualStudioVersion = 15.0.27130.2036
MinimumVisualStudioVersion = 10.0.40219.1
Project("{FAE04EC0-301F-11D3-BF4B-00C04F79EFBC}") = "ExploreOperations", "SIAOD_Routing\ExploreOperations.csproj", "{DBC44CE3-F3B4-4E40-982E-B3BB20C8195F}"
EndProject
Project("{8BC9CEB8-8B4A-11D0-8D11-00A0C91BC942}") = "OOP_labs", "OOP_labs\OOP_labs.vcxproj", "{F3074B5D-3552-4896-8C48-E2D2F0CBC2BF}"
EndProject
Project("{8BC9CEB8-8B4A-11D0-8D11-00A0C91BC942}") = "OOP_lab2", "OOP_lab2\OOP_lab2.vcxproj", "{27E65283-C398-4DDE-A08D-C56BC3696704}"
EndProject
Project("{8BC9CEB8-8B4A-11D0-8D11-00A0C91BC942}") = "OOP_lab3", "OOP_lab3\OOP_lab3.vcxproj", "{A7D37CDF-A068-43C8-87EC-285F6910F777}"
EndProject
Project("{8BC9CEB8-8B4A-11D0-8D11-00A0C91BC942}") = "ProjWin32", "..\..\..\..\Desktop\временная\Учеба\Компьютерная графика\ProjWin32_primer\ProjWin32.vcxproj", "{8B0F3E94-FDC8-4CE0-90DC-5C2E89A66D59}"
EndProject
Project("{8BC9CEB8-8B4A-11D0-8D11-00A0C91BC942}") = "OOP_kurs2", "OOP_kurs2\OOP_kurs2.vcxproj", "{9146C1F7-73EB-4E25-873B-43444E8625D6}"
EndProject
Project("{8BC9CEB8-8B4A-11D0-8D11-00A0C91BC942}") = "Filter50hz", "Filter50hz\Filter50hz.vcxproj", "{76F8E7E6-BD63-4288-B265-FB09D81110C6}"
EndProject
Project("{FAE04EC0-301F-11D3-BF4B-00C04F79EFBC}") = "WindowsFormsApplication1", "WindowsFormsApplication1\WindowsFormsApplication1.csproj", "{1D71D1BE-C1E7-498F-857D-AADB023E7B63}"
EndProject
Project("{FAE04EC0-301F-11D3-BF4B-00C04F79EFBC}") = "MimizationKvain-Maklaski", "MimizationKvain-Maklaski\MimizationKvain-Maklaski.csproj", "{D7EC2383-85CA-4DCA-A62B-0E3FD4596C50}"
EndProject
Project("{FAE04EC0-301F-11D3-BF4B-00C04F79EFBC}") = "App1", "App1\App1.csproj", "{AC0958D1-182F-4BF2-A44A-EF1CB6860188}"
EndProject
Project("{FAE04EC0-301F-11D3-BF4B-00C04F79EFBC}") = "NeuroTest", "NeuroTest\NeuroTest.csproj", "{4F4B09BE-48A5-4636-B102-5423A3566D2B}"
EndProject
Project("{FAE04EC0-301F-11D3-BF4B-00C04F79EFBC}") = "neuroApp", "neuroApp\neuroApp.csproj", "{EFF02B97-317B-4878-B4A5-5DA63F32B763}"
EndProject
Project("{FAE04EC0-301F-11D3-BF4B-00C04F79EFBC}") = "PatientsManager", "PatientsManager\PatientsManager.csproj", "{38AC3FBD-119A-4B85-95B3-6B1AEC59E6F1}"
EndProject
Project("{FAE04EC0-301F-11D3-BF4B-00C04F79EFBC}") = "App2", "App2\App2.csproj", "{29E17D8C-0163-467E-BDBC-2BCBC520443A}"
EndProject
Global
	GlobalSection(SolutionConfigurationPlatforms) = preSolution
		Debug|Any CPU = Debug|Any CPU
		Debug|ARM = Debug|ARM
		Debug|x64 = Debug|x64
		Debug|x86 = Debug|x86
		Release|Any CPU = Release|Any CPU
		Release|ARM = Release|ARM
		Release|x64 = Release|x64
		Release|x86 = Release|x86
	EndGlobalSection
	GlobalSection(ProjectConfigurationPlatforms) = postSolution
		{DBC44CE3-F3B4-4E40-982E-B3BB20C8195F}.Debug|Any CPU.ActiveCfg = Debug|Any CPU
		{DBC44CE3-F3B4-4E40-982E-B3BB20C8195F}.Debug|Any CPU.Build.0 = Debug|Any CPU
		{DBC44CE3-F3B4-4E40-982E-B3BB20C8195F}.Debug|Any CPU.Deploy.0 = Debug|Any CPU
		{DBC44CE3-F3B4-4E40-982E-B3BB20C8195F}.Debug|ARM.ActiveCfg = Debug|Any CPU
		{DBC44CE3-F3B4-4E40-982E-B3BB20C8195F}.Debug|x64.ActiveCfg = Debug|Any CPU
		{DBC44CE3-F3B4-4E40-982E-B3BB20C8195F}.Debug|x64.Build.0 = Debug|Any CPU
		{DBC44CE3-F3B4-4E40-982E-B3BB20C8195F}.Debug|x86.ActiveCfg = Debug|Any CPU
		{DBC44CE3-F3B4-4E40-982E-B3BB20C8195F}.Debug|x86.Build.0 = Debug|Any CPU
		{DBC44CE3-F3B4-4E40-982E-B3BB20C8195F}.Release|Any CPU.ActiveCfg = Release|Any CPU
		{DBC44CE3-F3B4-4E40-982E-B3BB20C8195F}.Release|Any CPU.Build.0 = Release|Any CPU
		{DBC44CE3-F3B4-4E40-982E-B3BB20C8195F}.Release|ARM.ActiveCfg = Release|Any CPU
		{DBC44CE3-F3B4-4E40-982E-B3BB20C8195F}.Release|x64.ActiveCfg = Release|Any CPU
		{DBC44CE3-F3B4-4E40-982E-B3BB20C8195F}.Release|x64.Build.0 = Release|Any CPU
		{DBC44CE3-F3B4-4E40-982E-B3BB20C8195F}.Release|x86.ActiveCfg = Release|Any CPU
		{DBC44CE3-F3B4-4E40-982E-B3BB20C8195F}.Release|x86.Build.0 = Release|Any CPU
		{F3074B5D-3552-4896-8C48-E2D2F0CBC2BF}.Debug|Any CPU.ActiveCfg = Debug|Win32
		{F3074B5D-3552-4896-8C48-E2D2F0CBC2BF}.Debug|ARM.ActiveCfg = Debug|Win32
		{F3074B5D-3552-4896-8C48-E2D2F0CBC2BF}.Debug|x64.ActiveCfg = Debug|x64
		{F3074B5D-3552-4896-8C48-E2D2F0CBC2BF}.Debug|x64.Build.0 = Debug|x64
		{F3074B5D-3552-4896-8C48-E2D2F0CBC2BF}.Debug|x86.ActiveCfg = Debug|Win32
		{F3074B5D-3552-4896-8C48-E2D2F0CBC2BF}.Debug|x86.Build.0 = Debug|Win32
		{F3074B5D-3552-4896-8C48-E2D2F0CBC2BF}.Release|Any CPU.ActiveCfg = Release|Win32
		{F3074B5D-3552-4896-8C48-E2D2F0CBC2BF}.Release|ARM.ActiveCfg = Release|Win32
		{F3074B5D-3552-4896-8C48-E2D2F0CBC2BF}.Release|x64.ActiveCfg = Release|x64
		{F3074B5D-3552-4896-8C48-E2D2F0CBC2BF}.Release|x64.Build.0 = Release|x64
		{F3074B5D-3552-4896-8C48-E2D2F0CBC2BF}.Release|x86.ActiveCfg = Release|Win32
		{F3074B5D-3552-4896-8C48-E2D2F0CBC2BF}.Release|x86.Build.0 = Release|Win32
		{27E65283-C398-4DDE-A08D-C56BC3696704}.Debug|Any CPU.ActiveCfg = Debug|Win32
		{27E65283-C398-4DDE-A08D-C56BC3696704}.Debug|Any CPU.Build.0 = Debug|Win32
		{27E65283-C398-4DDE-A08D-C56BC3696704}.Debug|ARM.ActiveCfg = Debug|Win32
		{27E65283-C398-4DDE-A08D-C56BC3696704}.Debug|x64.ActiveCfg = Debug|x64
		{27E65283-C398-4DDE-A08D-C56BC3696704}.Debug|x64.Build.0 = Debug|x64
		{27E65283-C398-4DDE-A08D-C56BC3696704}.Debug|x86.ActiveCfg = Debug|Win32
		{27E65283-C398-4DDE-A08D-C56BC3696704}.Debug|x86.Build.0 = Debug|Win32
		{27E65283-C398-4DDE-A08D-C56BC3696704}.Release|Any CPU.ActiveCfg = Release|Win32
		{27E65283-C398-4DDE-A08D-C56BC3696704}.Release|ARM.ActiveCfg = Release|Win32
		{27E65283-C398-4DDE-A08D-C56BC3696704}.Release|x64.ActiveCfg = Release|x64
		{27E65283-C398-4DDE-A08D-C56BC3696704}.Release|x64.Build.0 = Release|x64
		{27E65283-C398-4DDE-A08D-C56BC3696704}.Release|x86.ActiveCfg = Release|Win32
		{27E65283-C398-4DDE-A08D-C56BC3696704}.Release|x86.Build.0 = Release|Win32
		{A7D37CDF-A068-43C8-87EC-285F6910F777}.Debug|Any CPU.ActiveCfg = Debug|Win32
		{A7D37CDF-A068-43C8-87EC-285F6910F777}.Debug|Any CPU.Build.0 = Debug|Win32
		{A7D37CDF-A068-43C8-87EC-285F6910F777}.Debug|ARM.ActiveCfg = Debug|Win32
		{A7D37CDF-A068-43C8-87EC-285F6910F777}.Debug|x64.ActiveCfg = Debug|x64
		{A7D37CDF-A068-43C8-87EC-285F6910F777}.Debug|x64.Build.0 = Debug|x64
		{A7D37CDF-A068-43C8-87EC-285F6910F777}.Debug|x86.ActiveCfg = Debug|Win32
		{A7D37CDF-A068-43C8-87EC-285F6910F777}.Debug|x86.Build.0 = Debug|Win32
		{A7D37CDF-A068-43C8-87EC-285F6910F777}.Release|Any CPU.ActiveCfg = Release|Win32
		{A7D37CDF-A068-43C8-87EC-285F6910F777}.Release|ARM.ActiveCfg = Release|Win32
		{A7D37CDF-A068-43C8-87EC-285F6910F777}.Release|x64.ActiveCfg = Release|x64
		{A7D37CDF-A068-43C8-87EC-285F6910F777}.Release|x64.Build.0 = Release|x64
		{A7D37CDF-A068-43C8-87EC-285F6910F777}.Release|x86.ActiveCfg = Release|Win32
		{A7D37CDF-A068-43C8-87EC-285F6910F777}.Release|x86.Build.0 = Release|Win32
		{8B0F3E94-FDC8-4CE0-90DC-5C2E89A66D59}.Debug|Any CPU.ActiveCfg = Debug|Win32
		{8B0F3E94-FDC8-4CE0-90DC-5C2E89A66D59}.Debug|Any CPU.Build.0 = Debug|Win32
		{8B0F3E94-FDC8-4CE0-90DC-5C2E89A66D59}.Debug|ARM.ActiveCfg = Debug|Win32
		{8B0F3E94-FDC8-4CE0-90DC-5C2E89A66D59}.Debug|x64.ActiveCfg = Debug|Win32
		{8B0F3E94-FDC8-4CE0-90DC-5C2E89A66D59}.Debug|x86.ActiveCfg = Debug|Win32
		{8B0F3E94-FDC8-4CE0-90DC-5C2E89A66D59}.Debug|x86.Build.0 = Debug|Win32
		{8B0F3E94-FDC8-4CE0-90DC-5C2E89A66D59}.Release|Any CPU.ActiveCfg = Release|Win32
		{8B0F3E94-FDC8-4CE0-90DC-5C2E89A66D59}.Release|ARM.ActiveCfg = Release|Win32
		{8B0F3E94-FDC8-4CE0-90DC-5C2E89A66D59}.Release|x64.ActiveCfg = Release|Win32
		{8B0F3E94-FDC8-4CE0-90DC-5C2E89A66D59}.Release|x86.ActiveCfg = Release|Win32
		{8B0F3E94-FDC8-4CE0-90DC-5C2E89A66D59}.Release|x86.Build.0 = Release|Win32
		{9146C1F7-73EB-4E25-873B-43444E8625D6}.Debug|Any CPU.ActiveCfg = Debug|Win32
		{9146C1F7-73EB-4E25-873B-43444E8625D6}.Debug|Any CPU.Build.0 = Debug|Win32
		{9146C1F7-73EB-4E25-873B-43444E8625D6}.Debug|ARM.ActiveCfg = Debug|Win32
		{9146C1F7-73EB-4E25-873B-43444E8625D6}.Debug|x64.ActiveCfg = Debug|x64
		{9146C1F7-73EB-4E25-873B-43444E8625D6}.Debug|x64.Build.0 = Debug|x64
		{9146C1F7-73EB-4E25-873B-43444E8625D6}.Debug|x86.ActiveCfg = Debug|Win32
		{9146C1F7-73EB-4E25-873B-43444E8625D6}.Debug|x86.Build.0 = Debug|Win32
		{9146C1F7-73EB-4E25-873B-43444E8625D6}.Release|Any CPU.ActiveCfg = Release|Win32
		{9146C1F7-73EB-4E25-873B-43444E8625D6}.Release|ARM.ActiveCfg = Release|Win32
		{9146C1F7-73EB-4E25-873B-43444E8625D6}.Release|x64.ActiveCfg = Release|x64
		{9146C1F7-73EB-4E25-873B-43444E8625D6}.Release|x64.Build.0 = Release|x64
		{9146C1F7-73EB-4E25-873B-43444E8625D6}.Release|x86.ActiveCfg = Release|Win32
		{9146C1F7-73EB-4E25-873B-43444E8625D6}.Release|x86.Build.0 = Release|Win32
		{76F8E7E6-BD63-4288-B265-FB09D81110C6}.Debug|Any CPU.ActiveCfg = Debug|Win32
		{76F8E7E6-BD63-4288-B265-FB09D81110C6}.Debug|Any CPU.Build.0 = Debug|Win32
		{76F8E7E6-BD63-4288-B265-FB09D81110C6}.Debug|ARM.ActiveCfg = Debug|Win32
		{76F8E7E6-BD63-4288-B265-FB09D81110C6}.Debug|x64.ActiveCfg = Debug|x64
		{76F8E7E6-BD63-4288-B265-FB09D81110C6}.Debug|x64.Build.0 = Debug|x64
		{76F8E7E6-BD63-4288-B265-FB09D81110C6}.Debug|x86.ActiveCfg = Debug|Win32
		{76F8E7E6-BD63-4288-B265-FB09D81110C6}.Debug|x86.Build.0 = Debug|Win32
		{76F8E7E6-BD63-4288-B265-FB09D81110C6}.Release|Any CPU.ActiveCfg = Release|Win32
		{76F8E7E6-BD63-4288-B265-FB09D81110C6}.Release|ARM.ActiveCfg = Release|Win32
		{76F8E7E6-BD63-4288-B265-FB09D81110C6}.Release|x64.ActiveCfg = Release|x64
		{76F8E7E6-BD63-4288-B265-FB09D81110C6}.Release|x64.Build.0 = Release|x64
		{76F8E7E6-BD63-4288-B265-FB09D81110C6}.Release|x86.ActiveCfg = Release|Win32
		{76F8E7E6-BD63-4288-B265-FB09D81110C6}.Release|x86.Build.0 = Release|Win32
		{1D71D1BE-C1E7-498F-857D-AADB023E7B63}.Debug|Any CPU.ActiveCfg = Debug|Any CPU
		{1D71D1BE-C1E7-498F-857D-AADB023E7B63}.Debug|Any CPU.Build.0 = Debug|Any CPU
		{1D71D1BE-C1E7-498F-857D-AADB023E7B63}.Debug|ARM.ActiveCfg = Debug|Any CPU
		{1D71D1BE-C1E7-498F-857D-AADB023E7B63}.Debug|x64.ActiveCfg = Debug|Any CPU
		{1D71D1BE-C1E7-498F-857D-AADB023E7B63}.Debug|x64.Build.0 = Debug|Any CPU
		{1D71D1BE-C1E7-498F-857D-AADB023E7B63}.Debug|x86.ActiveCfg = Debug|Any CPU
		{1D71D1BE-C1E7-498F-857D-AADB023E7B63}.Debug|x86.Build.0 = Debug|Any CPU
		{1D71D1BE-C1E7-498F-857D-AADB023E7B63}.Release|Any CPU.ActiveCfg = Release|Any CPU
		{1D71D1BE-C1E7-498F-857D-AADB023E7B63}.Release|Any CPU.Build.0 = Release|Any CPU
		{1D71D1BE-C1E7-498F-857D-AADB023E7B63}.Release|ARM.ActiveCfg = Release|Any CPU
		{1D71D1BE-C1E7-498F-857D-AADB023E7B63}.Release|x64.ActiveCfg = Release|Any CPU
		{1D71D1BE-C1E7-498F-857D-AADB023E7B63}.Release|x64.Build.0 = Release|Any CPU
		{1D71D1BE-C1E7-498F-857D-AADB023E7B63}.Release|x86.ActiveCfg = Release|Any CPU
		{1D71D1BE-C1E7-498F-857D-AADB023E7B63}.Release|x86.Build.0 = Release|Any CPU
		{D7EC2383-85CA-4DCA-A62B-0E3FD4596C50}.Debug|Any CPU.ActiveCfg = Debug|Any CPU
		{D7EC2383-85CA-4DCA-A62B-0E3FD4596C50}.Debug|Any CPU.Build.0 = Debug|Any CPU
		{D7EC2383-85CA-4DCA-A62B-0E3FD4596C50}.Debug|ARM.ActiveCfg = Debug|Any CPU
		{D7EC2383-85CA-4DCA-A62B-0E3FD4596C50}.Debug|x64.ActiveCfg = Debug|Any CPU
		{D7EC2383-85CA-4DCA-A62B-0E3FD4596C50}.Debug|x64.Build.0 = Debug|Any CPU
		{D7EC2383-85CA-4DCA-A62B-0E3FD4596C50}.Debug|x86.ActiveCfg = Debug|Any CPU
		{D7EC2383-85CA-4DCA-A62B-0E3FD4596C50}.Debug|x86.Build.0 = Debug|Any CPU
		{D7EC2383-85CA-4DCA-A62B-0E3FD4596C50}.Release|Any CPU.ActiveCfg = Release|Any CPU
		{D7EC2383-85CA-4DCA-A62B-0E3FD4596C50}.Release|Any CPU.Build.0 = Release|Any CPU
		{D7EC2383-85CA-4DCA-A62B-0E3FD4596C50}.Release|ARM.ActiveCfg = Release|Any CPU
		{D7EC2383-85CA-4DCA-A62B-0E3FD4596C50}.Release|x64.ActiveCfg = Release|Any CPU
		{D7EC2383-85CA-4DCA-A62B-0E3FD4596C50}.Release|x64.Build.0 = Release|Any CPU
		{D7EC2383-85CA-4DCA-A62B-0E3FD4596C50}.Release|x86.ActiveCfg = Release|Any CPU
		{D7EC2383-85CA-4DCA-A62B-0E3FD4596C50}.Release|x86.Build.0 = Release|Any CPU
		{AC0958D1-182F-4BF2-A44A-EF1CB6860188}.Debug|Any CPU.ActiveCfg = Debug|Any CPU
		{AC0958D1-182F-4BF2-A44A-EF1CB6860188}.Debug|Any CPU.Build.0 = Debug|Any CPU
		{AC0958D1-182F-4BF2-A44A-EF1CB6860188}.Debug|Any CPU.Deploy.0 = Debug|Any CPU
		{AC0958D1-182F-4BF2-A44A-EF1CB6860188}.Debug|ARM.ActiveCfg = Debug|Any CPU
		{AC0958D1-182F-4BF2-A44A-EF1CB6860188}.Debug|x64.ActiveCfg = Debug|Any CPU
		{AC0958D1-182F-4BF2-A44A-EF1CB6860188}.Debug|x64.Build.0 = Debug|Any CPU
		{AC0958D1-182F-4BF2-A44A-EF1CB6860188}.Debug|x64.Deploy.0 = Debug|Any CPU
		{AC0958D1-182F-4BF2-A44A-EF1CB6860188}.Debug|x86.ActiveCfg = Debug|Any CPU
		{AC0958D1-182F-4BF2-A44A-EF1CB6860188}.Debug|x86.Build.0 = Debug|Any CPU
		{AC0958D1-182F-4BF2-A44A-EF1CB6860188}.Debug|x86.Deploy.0 = Debug|Any CPU
		{AC0958D1-182F-4BF2-A44A-EF1CB6860188}.Release|Any CPU.ActiveCfg = Release|Any CPU
		{AC0958D1-182F-4BF2-A44A-EF1CB6860188}.Release|Any CPU.Build.0 = Release|Any CPU
		{AC0958D1-182F-4BF2-A44A-EF1CB6860188}.Release|Any CPU.Deploy.0 = Release|Any CPU
		{AC0958D1-182F-4BF2-A44A-EF1CB6860188}.Release|ARM.ActiveCfg = Release|Any CPU
		{AC0958D1-182F-4BF2-A44A-EF1CB6860188}.Release|x64.ActiveCfg = Release|Any CPU
		{AC0958D1-182F-4BF2-A44A-EF1CB6860188}.Release|x64.Build.0 = Release|Any CPU
		{AC0958D1-182F-4BF2-A44A-EF1CB6860188}.Release|x64.Deploy.0 = Release|Any CPU
		{AC0958D1-182F-4BF2-A44A-EF1CB6860188}.Release|x86.ActiveCfg = Release|Any CPU
		{AC0958D1-182F-4BF2-A44A-EF1CB6860188}.Release|x86.Build.0 = Release|Any CPU
		{AC0958D1-182F-4BF2-A44A-EF1CB6860188}.Release|x86.Deploy.0 = Release|Any CPU
		{4F4B09BE-48A5-4636-B102-5423A3566D2B}.Debug|Any CPU.ActiveCfg = Debug|Any CPU
		{4F4B09BE-48A5-4636-B102-5423A3566D2B}.Debug|Any CPU.Build.0 = Debug|Any CPU
		{4F4B09BE-48A5-4636-B102-5423A3566D2B}.Debug|ARM.ActiveCfg = Debug|Any CPU
		{4F4B09BE-48A5-4636-B102-5423A3566D2B}.Debug|x64.ActiveCfg = Debug|Any CPU
		{4F4B09BE-48A5-4636-B102-5423A3566D2B}.Debug|x64.Build.0 = Debug|Any CPU
		{4F4B09BE-48A5-4636-B102-5423A3566D2B}.Debug|x86.ActiveCfg = Debug|Any CPU
		{4F4B09BE-48A5-4636-B102-5423A3566D2B}.Debug|x86.Build.0 = Debug|Any CPU
		{4F4B09BE-48A5-4636-B102-5423A3566D2B}.Release|Any CPU.ActiveCfg = Release|Any CPU
		{4F4B09BE-48A5-4636-B102-5423A3566D2B}.Release|Any CPU.Build.0 = Release|Any CPU
		{4F4B09BE-48A5-4636-B102-5423A3566D2B}.Release|ARM.ActiveCfg = Release|Any CPU
		{4F4B09BE-48A5-4636-B102-5423A3566D2B}.Release|x64.ActiveCfg = Release|Any CPU
		{4F4B09BE-48A5-4636-B102-5423A3566D2B}.Release|x64.Build.0 = Release|Any CPU
		{4F4B09BE-48A5-4636-B102-5423A3566D2B}.Release|x86.ActiveCfg = Release|Any CPU
		{4F4B09BE-48A5-4636-B102-5423A3566D2B}.Release|x86.Build.0 = Release|Any CPU
		{EFF02B97-317B-4878-B4A5-5DA63F32B763}.Debug|Any CPU.ActiveCfg = Debug|Any CPU
		{EFF02B97-317B-4878-B4A5-5DA63F32B763}.Debug|Any CPU.Build.0 = Debug|Any CPU
		{EFF02B97-317B-4878-B4A5-5DA63F32B763}.Debug|ARM.ActiveCfg = Debug|Any CPU
		{EFF02B97-317B-4878-B4A5-5DA63F32B763}.Debug|x64.ActiveCfg = Debug|Any CPU
		{EFF02B97-317B-4878-B4A5-5DA63F32B763}.Debug|x64.Build.0 = Debug|Any CPU
		{EFF02B97-317B-4878-B4A5-5DA63F32B763}.Debug|x86.ActiveCfg = Debug|Any CPU
		{EFF02B97-317B-4878-B4A5-5DA63F32B763}.Debug|x86.Build.0 = Debug|Any CPU
		{EFF02B97-317B-4878-B4A5-5DA63F32B763}.Release|Any CPU.ActiveCfg = Release|Any CPU
		{EFF02B97-317B-4878-B4A5-5DA63F32B763}.Release|Any CPU.Build.0 = Release|Any CPU
		{EFF02B97-317B-4878-B4A5-5DA63F32B763}.Release|ARM.ActiveCfg = Release|Any CPU
		{EFF02B97-317B-4878-B4A5-5DA63F32B763}.Release|x64.ActiveCfg = Release|Any CPU
		{EFF02B97-317B-4878-B4A5-5DA63F32B763}.Release|x64.Build.0 = Release|Any CPU
		{EFF02B97-317B-4878-B4A5-5DA63F32B763}.Release|x86.ActiveCfg = Release|Any CPU
		{EFF02B97-317B-4878-B4A5-5DA63F32B763}.Release|x86.Build.0 = Release|Any CPU
		{38AC3FBD-119A-4B85-95B3-6B1AEC59E6F1}.Debug|Any CPU.ActiveCfg = Debug|Any CPU
		{38AC3FBD-119A-4B85-95B3-6B1AEC59E6F1}.Debug|Any CPU.Build.0 = Debug|Any CPU
		{38AC3FBD-119A-4B85-95B3-6B1AEC59E6F1}.Debug|ARM.ActiveCfg = Debug|Any CPU
		{38AC3FBD-119A-4B85-95B3-6B1AEC59E6F1}.Debug|ARM.Build.0 = Debug|Any CPU
		{38AC3FBD-119A-4B85-95B3-6B1AEC59E6F1}.Debug|x64.ActiveCfg = Debug|Any CPU
		{38AC3FBD-119A-4B85-95B3-6B1AEC59E6F1}.Debug|x64.Build.0 = Debug|Any CPU
		{38AC3FBD-119A-4B85-95B3-6B1AEC59E6F1}.Debug|x86.ActiveCfg = Debug|Any CPU
		{38AC3FBD-119A-4B85-95B3-6B1AEC59E6F1}.Debug|x86.Build.0 = Debug|Any CPU
		{38AC3FBD-119A-4B85-95B3-6B1AEC59E6F1}.Release|Any CPU.ActiveCfg = Release|Any CPU
		{38AC3FBD-119A-4B85-95B3-6B1AEC59E6F1}.Release|Any CPU.Build.0 = Release|Any CPU
		{38AC3FBD-119A-4B85-95B3-6B1AEC59E6F1}.Release|ARM.ActiveCfg = Release|Any CPU
		{38AC3FBD-119A-4B85-95B3-6B1AEC59E6F1}.Release|ARM.Build.0 = Release|Any CPU
		{38AC3FBD-119A-4B85-95B3-6B1AEC59E6F1}.Release|x64.ActiveCfg = Release|Any CPU
		{38AC3FBD-119A-4B85-95B3-6B1AEC59E6F1}.Release|x64.Build.0 = Release|Any CPU
		{38AC3FBD-119A-4B85-95B3-6B1AEC59E6F1}.Release|x86.ActiveCfg = Release|Any CPU
		{38AC3FBD-119A-4B85-95B3-6B1AEC59E6F1}.Release|x86.Build.0 = Release|Any CPU
		{29E17D8C-0163-467E-BDBC-2BCBC520443A}.Debug|Any CPU.ActiveCfg = Debug|x86
		{29E17D8C-0163-467E-BDBC-2BCBC520443A}.Debug|ARM.ActiveCfg = Debug|ARM
		{29E17D8C-0163-467E-BDBC-2BCBC520443A}.Debug|ARM.Build.0 = Debug|ARM
		{29E17D8C-0163-467E-BDBC-2BCBC520443A}.Debug|ARM.Deploy.0 = Debug|ARM
		{29E17D8C-0163-467E-BDBC-2BCBC520443A}.Debug|x64.ActiveCfg = Debug|x64
		{29E17D8C-0163-467E-BDBC-2BCBC520443A}.Debug|x64.Build.0 = Debug|x64
		{29E17D8C-0163-467E-BDBC-2BCBC520443A}.Debug|x64.Deploy.0 = Debug|x64
		{29E17D8C-0163-467E-BDBC-2BCBC520443A}.Debug|x86.ActiveCfg = Debug|x86
		{29E17D8C-0163-467E-BDBC-2BCBC520443A}.Debug|x86.Build.0 = Debug|x86
		{29E17D8C-0163-467E-BDBC-2BCBC520443A}.Debug|x86.Deploy.0 = Debug|x86
		{29E17D8C-0163-467E-BDBC-2BCBC520443A}.Release|Any CPU.ActiveCfg = Release|x86
		{29E17D8C-0163-467E-BDBC-2BCBC520443A}.Release|ARM.ActiveCfg = Release|ARM
		{29E17D8C-0163-467E-BDBC-2BCBC520443A}.Release|ARM.Build.0 = Release|ARM
		{29E17D8C-0163-467E-BDBC-2BCBC520443A}.Release|ARM.Deploy.0 = Release|ARM
		{29E17D8C-0163-467E-BDBC-2BCBC520443A}.Release|x64.ActiveCfg = Release|x64
		{29E17D8C-0163-467E-BDBC-2BCBC520443A}.Release|x64.Build.0 = Release|x64
		{29E17D8C-0163-467E-BDBC-2BCBC520443A}.Release|x64.Deploy.0 = Release|x64
		{29E17D8C-0163-467E-BDBC-2BCBC520443A}.Release|x86.ActiveCfg = Release|x86
		{29E17D8C-0163-467E-BDBC-2BCBC520443A}.Release|x86.Build.0 = Release|x86
		{29E17D8C-0163-467E-BDBC-2BCBC520443A}.Release|x86.Deploy.0 = Release|x86
	EndGlobalSection
	GlobalSection(SolutionProperties) = preSolution
		HideSolutionNode = FALSE
	EndGlobalSection
	GlobalSection(ExtensibilityGlobals) = postSolution
		SolutionGuid = {91749879-7044-4F70-8FAC-E31CC78FD5E4}
	EndGlobalSection
EndGlobal
